
Microsoft Visual Studio Solution File, Format Version 12.00
# Visual Studio Version 17
VisualStudioVersion = 17.8.34511.84
MinimumVisualStudioVersion = 10.0.40219.1
Project("{9A19103F-16F7-4668-BE54-9A1E7A4F7556}") = "GarminR10DataViewer", "GarminR10DataViewer\GarminR10DataViewer.csproj", "{48BBBC2F-B199-4819-AB6A-A7B5CE55540E}"
EndProject
Project("{9A19103F-16F7-4668-BE54-9A1E7A4F7556}") = "GarminR10MauiAdapter", "GarminR10MauiAdapter\GarminR10MauiAdapter.csproj", "{5C64143C-6835-4AA9-9BE1-8A493E81F572}"
EndProject
Project("{9A19103F-16F7-4668-BE54-9A1E7A4F7556}") = "GolfShotML", "GolfShotML\GolfShotML.csproj", "{8E5E5EE5-BE77-4A4E-8AD9-4F240B36FAF1}"
EndProject
Project("{2150E333-8FDC-42A3-9474-1A3956D46DE8}") = "Solution items", "Solution items", "{30AE77CD-DCA1-4D0F-94A0-3A570F2CED35}"
	ProjectSection(SolutionItems) = preProject
		Readme.md = Readme.md
	EndProjectSection
EndProject
Global
	GlobalSection(SolutionConfigurationPlatforms) = preSolution
		Debug|Any CPU = Debug|Any CPU
		Release|Any CPU = Release|Any CPU
	EndGlobalSection
	GlobalSection(ProjectConfigurationPlatforms) = postSolution
		{48BBBC2F-B199-4819-AB6A-A7B5CE55540E}.Debug|Any CPU.ActiveCfg = Debug|Any CPU
		{48BBBC2F-B199-4819-AB6A-A7B5CE55540E}.Debug|Any CPU.Build.0 = Debug|Any CPU
		{48BBBC2F-B199-4819-AB6A-A7B5CE55540E}.Debug|Any CPU.Deploy.0 = Debug|Any CPU
		{48BBBC2F-B199-4819-AB6A-A7B5CE55540E}.Release|Any CPU.ActiveCfg = Release|Any CPU
		{48BBBC2F-B199-4819-AB6A-A7B5CE55540E}.Release|Any CPU.Build.0 = Release|Any CPU
		{48BBBC2F-B199-4819-AB6A-A7B5CE55540E}.Release|Any CPU.Deploy.0 = Release|Any CPU
		{5C64143C-6835-4AA9-9BE1-8A493E81F572}.Debug|Any CPU.ActiveCfg = Debug|Any CPU
		{5C64143C-6835-4AA9-9BE1-8A493E81F572}.Debug|Any CPU.Build.0 = Debug|Any CPU
		{5C64143C-6835-4AA9-9BE1-8A493E81F572}.Release|Any CPU.ActiveCfg = Release|Any CPU
		{5C64143C-6835-4AA9-9BE1-8A493E81F572}.Release|Any CPU.Build.0 = Release|Any CPU
		{8E5E5EE5-BE77-4A4E-8AD9-4F240B36FAF1}.Debug|Any CPU.ActiveCfg = Debug|Any CPU
		{8E5E5EE5-BE77-4A4E-8AD9-4F240B36FAF1}.Debug|Any CPU.Build.0 = Debug|Any CPU
		{8E5E5EE5-BE77-4A4E-8AD9-4F240B36FAF1}.Release|Any CPU.ActiveCfg = Release|Any CPU
		{8E5E5EE5-BE77-4A4E-8AD9-4F240B36FAF1}.Release|Any CPU.Build.0 = Release|Any CPU
	EndGlobalSection
	GlobalSection(SolutionProperties) = preSolution
		HideSolutionNode = FALSE
	EndGlobalSection
	GlobalSection(ExtensibilityGlobals) = postSolution
		SolutionGuid = {6102E787-0124-41FE-BBEB-6C5D859E267C}
	EndGlobalSection
EndGlobal
